// !$*UTF8*$!
{
	archiveVersion = 1;
	classes = {
	};
	objectVersion = 46;
	objects = {

/* Begin PBXBuildFile section */
		FE259FE91B36201700C3ED70 /* main.m in Sources */ = {isa = PBXBuildFile; fileRef = FE259FE81B36201700C3ED70 /* main.m */; };
		FE259FEC1B36201700C3ED70 /* AppDelegate.m in Sources */ = {isa = PBXBuildFile; fileRef = FE259FEB1B36201700C3ED70 /* AppDelegate.m */; };
		FE259FEF1B36201700C3ED70 /* ViewController.m in Sources */ = {isa = PBXBuildFile; fileRef = FE259FEE1B36201700C3ED70 /* ViewController.m */; };
		FE259FF21B36201700C3ED70 /* Main.storyboard in Resources */ = {isa = PBXBuildFile; fileRef = FE259FF01B36201700C3ED70 /* Main.storyboard */; };
		FE259FF41B36201700C3ED70 /* Images.xcassets in Resources */ = {isa = PBXBuildFile; fileRef = FE259FF31B36201700C3ED70 /* Images.xcassets */; };
		FE259FF71B36201700C3ED70 /* LaunchScreen.xib in Resources */ = {isa = PBXBuildFile; fileRef = FE259FF51B36201700C3ED70 /* LaunchScreen.xib */; };
		FE25A0031B36201700C3ED70 /* driverTests.m in Sources */ = {isa = PBXBuildFile; fileRef = FE25A0021B36201700C3ED70 /* driverTests.m */; };
/* End PBXBuildFile section */

/* Begin PBXContainerItemProxy section */
		FE259FFD1B36201700C3ED70 /* PBXContainerItemProxy */ = {
			isa = PBXContainerItemProxy;
			containerPortal = FE259FDB1B36201700C3ED70 /* Project object */;
			proxyType = 1;
			remoteGlobalIDString = FE259FE21B36201700C3ED70;
			remoteInfo = driver;
		};
/* End PBXContainerItemProxy section */

/* Begin PBXFileReference section */
		FE259FE31B36201700C3ED70 /* driver.app */ = {isa = PBXFileReference; explicitFileType = wrapper.application; includeInIndex = 0; path = driver.app; sourceTree = BUILT_PRODUCTS_DIR; };
		FE259FE71B36201700C3ED70 /* Info.plist */ = {isa = PBXFileReference; lastKnownFileType = text.plist.xml; path = Info.plist; sourceTree = "<group>"; };
		FE259FE81B36201700C3ED70 /* main.m */ = {isa = PBXFileReference; lastKnownFileType = sourcecode.c.objc; path = main.m; sourceTree = "<group>"; };
		FE259FEA1B36201700C3ED70 /* AppDelegate.h */ = {isa = PBXFileReference; lastKnownFileType = sourcecode.c.h; path = AppDelegate.h; sourceTree = "<group>"; };
		FE259FEB1B36201700C3ED70 /* AppDelegate.m */ = {isa = PBXFileReference; lastKnownFileType = sourcecode.c.objc; path = AppDelegate.m; sourceTree = "<group>"; };
		FE259FED1B36201700C3ED70 /* ViewController.h */ = {isa = PBXFileReference; lastKnownFileType = sourcecode.c.h; path = ViewController.h; sourceTree = "<group>"; };
		FE259FEE1B36201700C3ED70 /* ViewController.m */ = {isa = PBXFileReference; lastKnownFileType = sourcecode.c.objc; path = ViewController.m; sourceTree = "<group>"; };
		FE259FF11B36201700C3ED70 /* Base */ = {isa = PBXFileReference; lastKnownFileType = file.storyboard; name = Base; path = Base.lproj/Main.storyboard; sourceTree = "<group>"; };
		FE259FF31B36201700C3ED70 /* Images.xcassets */ = {isa = PBXFileReference; lastKnownFileType = folder.assetcatalog; path = Images.xcassets; sourceTree = "<group>"; };
		FE259FF61B36201700C3ED70 /* Base */ = {isa = PBXFileReference; lastKnownFileType = file.xib; name = Base; path = Base.lproj/LaunchScreen.xib; sourceTree = "<group>"; };
		FE259FFC1B36201700C3ED70 /* driverTests.xctest */ = {isa = PBXFileReference; explicitFileType = wrapper.cfbundle; includeInIndex = 0; path = driverTests.xctest; sourceTree = BUILT_PRODUCTS_DIR; };
		FE25A0011B36201700C3ED70 /* Info.plist */ = {isa = PBXFileReference; lastKnownFileType = text.plist.xml; path = Info.plist; sourceTree = "<group>"; };
		FE25A0021B36201700C3ED70 /* driverTests.m */ = {isa = PBXFileReference; lastKnownFileType = sourcecode.c.objc; path = driverTests.m; sourceTree = "<group>"; };
/* End PBXFileReference section */

/* Begin PBXFrameworksBuildPhase section */
		FE259FE01B36201700C3ED70 /* Frameworks */ = {
			isa = PBXFrameworksBuildPhase;
			buildActionMask = 2147483647;
			files = (
			);
			runOnlyForDeploymentPostprocessing = 0;
		};
		FE259FF91B36201700C3ED70 /* Frameworks */ = {
			isa = PBXFrameworksBuildPhase;
			buildActionMask = 2147483647;
			files = (
			);
			runOnlyForDeploymentPostprocessing = 0;
		};
/* End PBXFrameworksBuildPhase section */

/* Begin PBXGroup section */
		FE259FDA1B36201700C3ED70 = {
			isa = PBXGroup;
			children = (
				FE259FE51B36201700C3ED70 /* driver */,
				FE259FFF1B36201700C3ED70 /* driverTests */,
				FE259FE41B36201700C3ED70 /* Products */,
			);
			sourceTree = "<group>";
		};
		FE259FE41B36201700C3ED70 /* Products */ = {
			isa = PBXGroup;
			children = (
				FE259FE31B36201700C3ED70 /* driver.app */,
				FE259FFC1B36201700C3ED70 /* driverTests.xctest */,
			);
			name = Products;
			sourceTree = "<group>";
		};
		FE259FE51B36201700C3ED70 /* driver */ = {
			isa = PBXGroup;
			children = (
				FE259FEA1B36201700C3ED70 /* AppDelegate.h */,
				FE259FEB1B36201700C3ED70 /* AppDelegate.m */,
				FE259FED1B36201700C3ED70 /* ViewController.h */,
				FE259FEE1B36201700C3ED70 /* ViewController.m */,
				FE259FF01B36201700C3ED70 /* Main.storyboard */,
				FE259FF31B36201700C3ED70 /* Images.xcassets */,
				FE259FF51B36201700C3ED70 /* LaunchScreen.xib */,
				FE259FE61B36201700C3ED70 /* Supporting Files */,
			);
			path = driver;
			sourceTree = "<group>";
		};
		FE259FE61B36201700C3ED70 /* Supporting Files */ = {
			isa = PBXGroup;
			children = (
				FE259FE71B36201700C3ED70 /* Info.plist */,
				FE259FE81B36201700C3ED70 /* main.m */,
			);
			name = "Supporting Files";
			sourceTree = "<group>";
		};
		FE259FFF1B36201700C3ED70 /* driverTests */ = {
			isa = PBXGroup;
			children = (
				FE25A0021B36201700C3ED70 /* driverTests.m */,
				FE25A0001B36201700C3ED70 /* Supporting Files */,
			);
			path = driverTests;
			sourceTree = "<group>";
		};
		FE25A0001B36201700C3ED70 /* Supporting Files */ = {
			isa = PBXGroup;
			children = (
				FE25A0011B36201700C3ED70 /* Info.plist */,
			);
			name = "Supporting Files";
			sourceTree = "<group>";
		};
/* End PBXGroup section */

/* Begin PBXNativeTarget section */
		FE259FE21B36201700C3ED70 /* driver */ = {
			isa = PBXNativeTarget;
			buildConfigurationList = FE25A0061B36201700C3ED70 /* Build configuration list for PBXNativeTarget "driver" */;
			buildPhases = (
				FE259FDF1B36201700C3ED70 /* Sources */,
				FE259FE01B36201700C3ED70 /* Frameworks */,
				FE259FE11B36201700C3ED70 /* Resources */,
			);
			buildRules = (
			);
			dependencies = (
			);
			name = driver;
			productName = driver;
			productReference = FE259FE31B36201700C3ED70 /* driver.app */;
			productType = "com.apple.product-type.application";
		};
		FE259FFB1B36201700C3ED70 /* driverTests */ = {
			isa = PBXNativeTarget;
			buildConfigurationList = FE25A0091B36201700C3ED70 /* Build configuration list for PBXNativeTarget "driverTests" */;
			buildPhases = (
				FE259FF81B36201700C3ED70 /* Sources */,
				FE259FF91B36201700C3ED70 /* Frameworks */,
				FE259FFA1B36201700C3ED70 /* Resources */,
			);
			buildRules = (
			);
			dependencies = (
				FE259FFE1B36201700C3ED70 /* PBXTargetDependency */,
			);
			name = driverTests;
			productName = driverTests;
			productReference = FE259FFC1B36201700C3ED70 /* driverTests.xctest */;
			productType = "com.apple.product-type.bundle.unit-test";
		};
/* End PBXNativeTarget section */

/* Begin PBXProject section */
		FE259FDB1B36201700C3ED70 /* Project object */ = {
			isa = PBXProject;
			attributes = {
				LastUpgradeCheck = 0620;
				ORGANIZATIONNAME = "Han Lee";
				TargetAttributes = {
					FE259FE21B36201700C3ED70 = {
						CreatedOnToolsVersion = 6.2;
					};
					FE259FFB1B36201700C3ED70 = {
						CreatedOnToolsVersion = 6.2;
						TestTargetID = FE259FE21B36201700C3ED70;
					};
				};
			};
			buildConfigurationList = FE259FDE1B36201700C3ED70 /* Build configuration list for PBXProject "driver" */;
			compatibilityVersion = "Xcode 3.2";
			developmentRegion = English;
			hasScannedForEncodings = 0;
			knownRegions = (
				en,
				Base,
			);
			mainGroup = FE259FDA1B36201700C3ED70;
			productRefGroup = FE259FE41B36201700C3ED70 /* Products */;
			projectDirPath = "";
			projectRoot = "";
			targets = (
				FE259FE21B36201700C3ED70 /* driver */,
				FE259FFB1B36201700C3ED70 /* driverTests */,
			);
		};
/* End PBXProject section */

/* Begin PBXResourcesBuildPhase section */
		FE259FE11B36201700C3ED70 /* Resources */ = {
			isa = PBXResourcesBuildPhase;
			buildActionMask = 2147483647;
			files = (
				FE259FF21B36201700C3ED70 /* Main.storyboard in Resources */,
				FE259FF71B36201700C3ED70 /* LaunchScreen.xib in Resources */,
				FE259FF41B36201700C3ED70 /* Images.xcassets in Resources */,
			);
			runOnlyForDeploymentPostprocessing = 0;
		};
		FE259FFA1B36201700C3ED70 /* Resources */ = {
			isa = PBXResourcesBuildPhase;
			buildActionMask = 2147483647;
			files = (
			);
			runOnlyForDeploymentPostprocessing = 0;
		};
/* End PBXResourcesBuildPhase section */

/* Begin PBXSourcesBuildPhase section */
		FE259FDF1B36201700C3ED70 /* Sources */ = {
			isa = PBXSourcesBuildPhase;
			buildActionMask = 2147483647;
			files = (
				FE259FEF1B36201700C3ED70 /* ViewController.m in Sources */,
				FE259FEC1B36201700C3ED70 /* AppDelegate.m in Sources */,
				FE259FE91B36201700C3ED70 /* main.m in Sources */,
			);
			runOnlyForDeploymentPostprocessing = 0;
		};
		FE259FF81B36201700C3ED70 /* Sources */ = {
			isa = PBXSourcesBuildPhase;
			buildActionMask = 2147483647;
			files = (
				FE25A0031B36201700C3ED70 /* driverTests.m in Sources */,
			);
			runOnlyForDeploymentPostprocessing = 0;
		};
/* End PBXSourcesBuildPhase section */

/* Begin PBXTargetDependency section */
		FE259FFE1B36201700C3ED70 /* PBXTargetDependency */ = {
			isa = PBXTargetDependency;
			target = FE259FE21B36201700C3ED70 /* driver */;
			targetProxy = FE259FFD1B36201700C3ED70 /* PBXContainerItemProxy */;
		};
/* End PBXTargetDependency section */

/* Begin PBXVariantGroup section */
		FE259FF01B36201700C3ED70 /* Main.storyboard */ = {
			isa = PBXVariantGroup;
			children = (
				FE259FF11B36201700C3ED70 /* Base */,
			);
			name = Main.storyboard;
			sourceTree = "<group>";
		};
		FE259FF51B36201700C3ED70 /* LaunchScreen.xib */ = {
			isa = PBXVariantGroup;
			children = (
				FE259FF61B36201700C3ED70 /* Base */,
			);
			name = LaunchScreen.xib;
			sourceTree = "<group>";
		};
/* End PBXVariantGroup section */

/* Begin XCBuildConfiguration section */
		FE25A0041B36201700C3ED70 /* Debug */ = {
			isa = XCBuildConfiguration;
			buildSettings = {
				ALWAYS_SEARCH_USER_PATHS = NO;
				CLANG_CXX_LANGUAGE_STANDARD = "gnu++0x";
				CLANG_CXX_LIBRARY = "libc++";
				CLANG_ENABLE_MODULES = YES;
				CLANG_ENABLE_OBJC_ARC = YES;
				CLANG_WARN_BOOL_CONVERSION = YES;
				CLANG_WARN_CONSTANT_CONVERSION = YES;
				CLANG_WARN_DIRECT_OBJC_ISA_USAGE = YES_ERROR;
				CLANG_WARN_EMPTY_BODY = YES;
				CLANG_WARN_ENUM_CONVERSION = YES;
				CLANG_WARN_INT_CONVERSION = YES;
				CLANG_WARN_OBJC_ROOT_CLASS = YES_ERROR;
				CLANG_WARN_UNREACHABLE_CODE = YES;
				CLANG_WARN__DUPLICATE_METHOD_MATCH = YES;
				"CODE_SIGN_IDENTITY[sdk=iphoneos*]" = "iPhone Developer";
				COPY_PHASE_STRIP = NO;
				ENABLE_STRICT_OBJC_MSGSEND = YES;
				GCC_C_LANGUAGE_STANDARD = gnu99;
				GCC_DYNAMIC_NO_PIC = NO;
				GCC_OPTIMIZATION_LEVEL = 0;
				GCC_PREPROCESSOR_DEFINITIONS = (
					"DEBUG=1",
					"$(inherited)",
				);
				GCC_SYMBOLS_PRIVATE_EXTERN = NO;
				GCC_WARN_64_TO_32_BIT_CONVERSION = YES;
				GCC_WARN_ABOUT_RETURN_TYPE = YES_ERROR;
				GCC_WARN_UNDECLARED_SELECTOR = YES;
				GCC_WARN_UNINITIALIZED_AUTOS = YES_AGGRESSIVE;
				GCC_WARN_UNUSED_FUNCTION = YES;
				GCC_WARN_UNUSED_VARIABLE = YES;
				IPHONEOS_DEPLOYMENT_TARGET = 8.2;
				MTL_ENABLE_DEBUG_INFO = YES;
				ONLY_ACTIVE_ARCH = YES;
				SDKROOT = iphoneos;
				TARGETED_DEVICE_FAMILY = "1,2";
			};
			name = Debug;
		};
		FE25A0051B36201700C3ED70 /* Release */ = {
			isa = XCBuildConfiguration;
			buildSettings = {
				ALWAYS_SEARCH_USER_PATHS = NO;
				CLANG_CXX_LANGUAGE_STANDARD = "gnu++0x";
				CLANG_CXX_LIBRARY = "libc++";
				CLANG_ENABLE_MODULES = YES;
				CLANG_ENABLE_OBJC_ARC = YES;
				CLANG_WARN_BOOL_CONVERSION = YES;
				CLANG_WARN_CONSTANT_CONVERSION = YES;
				CLANG_WARN_DIRECT_OBJC_ISA_USAGE = YES_ERROR;
				CLANG_WARN_EMPTY_BODY = YES;
				CLANG_WARN_ENUM_CONVERSION = YES;
				CLANG_WARN_INT_CONVERSION = YES;
				CLANG_WARN_OBJC_ROOT_CLASS = YES_ERROR;
				CLANG_WARN_UNREACHABLE_CODE = YES;
				CLANG_WARN__DUPLICATE_METHOD_MATCH = YES;
				"CODE_SIGN_IDENTITY[sdk=iphoneos*]" = "iPhone Developer";
				COPY_PHASE_STRIP = NO;
				ENABLE_NS_ASSERTIONS = NO;
				ENABLE_STRICT_OBJC_MSGSEND = YES;
				GCC_C_LANGUAGE_STANDARD = gnu99;
				GCC_WARN_64_TO_32_BIT_CONVERSION = YES;
				GCC_WARN_ABOUT_RETURN_TYPE = YES_ERROR;
				GCC_WARN_UNDECLARED_SELECTOR = YES;
				GCC_WARN_UNINITIALIZED_AUTOS = YES_AGGRESSIVE;
				GCC_WARN_UNUSED_FUNCTION = YES;
				GCC_WARN_UNUSED_VARIABLE = YES;
				IPHONEOS_DEPLOYMENT_TARGET = 8.2;
				MTL_ENABLE_DEBUG_INFO = NO;
				SDKROOT = iphoneos;
				TARGETED_DEVICE_FAMILY = "1,2";
				VALIDATE_PRODUCT = YES;
			};
			name = Release;
		};
		FE25A0071B36201700C3ED70 /* Debug */ = {
			isa = XCBuildConfiguration;
			buildSettings = {
				ASSETCATALOG_COMPILER_APPICON_NAME = AppIcon;
				INFOPLIST_FILE = driver/Info.plist;
				LD_RUNPATH_SEARCH_PATHS = "$(inherited) @executable_path/Frameworks";
				PRODUCT_NAME = "$(TARGET_NAME)";
			};
			name = Debug;
		};
		FE25A0081B36201700C3ED70 /* Release */ = {
			isa = XCBuildConfiguration;
			buildSettings = {
				ASSETCATALOG_COMPILER_APPICON_NAME = AppIcon;
				INFOPLIST_FILE = driver/Info.plist;
				LD_RUNPATH_SEARCH_PATHS = "$(inherited) @executable_path/Frameworks";
				PRODUCT_NAME = "$(TARGET_NAME)";
			};
			name = Release;
		};
		FE25A00A1B36201700C3ED70 /* Debug */ = {
			isa = XCBuildConfiguration;
			buildSettings = {
				BUNDLE_LOADER = "$(TEST_HOST)";
				FRAMEWORK_SEARCH_PATHS = (
					"$(SDKROOT)/Developer/Library/Frameworks",
					"$(inherited)",
				);
				GCC_PREPROCESSOR_DEFINITIONS = (
					"DEBUG=1",
					"$(inherited)",
				);
				INFOPLIST_FILE = driverTests/Info.plist;
				LD_RUNPATH_SEARCH_PATHS = "$(inherited) @executable_path/Frameworks @loader_path/Frameworks";
				PRODUCT_NAME = "$(TARGET_NAME)";
				TEST_HOST = "$(BUILT_PRODUCTS_DIR)/driver.app/driver";
			};
			name = Debug;
		};
		FE25A00B1B36201700C3ED70 /* Release */ = {
			isa = XCBuildConfiguration;
			buildSettings = {
				BUNDLE_LOADER = "$(TEST_HOST)";
				FRAMEWORK_SEARCH_PATHS = (
					"$(SDKROOT)/Developer/Library/Frameworks",
					"$(inherited)",
				);
				INFOPLIST_FILE = driverTests/Info.plist;
				LD_RUNPATH_SEARCH_PATHS = "$(inherited) @executable_path/Frameworks @loader_path/Frameworks";
				PRODUCT_NAME = "$(TARGET_NAME)";
				TEST_HOST = "$(BUILT_PRODUCTS_DIR)/driver.app/driver";
			};
			name = Release;
		};
/* End XCBuildConfiguration section */

/* Begin XCConfigurationList section */
		FE259FDE1B36201700C3ED70 /* Build configuration list for PBXProject "driver" */ = {
			isa = XCConfigurationList;
			buildConfigurations = (
				FE25A0041B36201700C3ED70 /* Debug */,
				FE25A0051B36201700C3ED70 /* Release */,
			);
			defaultConfigurationIsVisible = 0;
			defaultConfigurationName = Release;
		};
		FE25A0061B36201700C3ED70 /* Build configuration list for PBXNativeTarget "driver" */ = {
			isa = XCConfigurationList;
			buildConfigurations = (
				FE25A0071B36201700C3ED70 /* Debug */,
				FE25A0081B36201700C3ED70 /* Release */,
			);
			defaultConfigurationIsVisible = 0;
		};
		FE25A0091B36201700C3ED70 /* Build configuration list for PBXNativeTarget "driverTests" */ = {
			isa = XCConfigurationList;
			buildConfigurations = (
				FE25A00A1B36201700C3ED70 /* Debug */,
				FE25A00B1B36201700C3ED70 /* Release */,
			);
			defaultConfigurationIsVisible = 0;
		};
/* End XCConfigurationList section */
	};
	rootObject = FE259FDB1B36201700C3ED70 /* Project object */;
}
